
Microsoft Visual Studio Solution File, Format Version 12.00
# Visual Studio Version 16
VisualStudioVersion = 16.0.29102.190
MinimumVisualStudioVersion = 10.0.40219.1
Project("{FAE04EC0-301F-11D3-BF4B-00C04F79EFBC}") = "IoTLife", "IoTLife\IoTLife.csproj", "{B2DAC958-29FD-4264-97B3-5C9447D20571}"
EndProject
Global
	GlobalSection(SolutionConfigurationPlatforms) = preSolution
		Debug|Any CPU = Debug|Any CPU
		Release|Any CPU = Release|Any CPU
	EndGlobalSection
	GlobalSection(ProjectConfigurationPlatforms) = postSolution
		{B2DAC958-29FD-4264-97B3-5C9447D20571}.Debug|Any CPU.ActiveCfg = Debug|Any CPU
		{B2DAC958-29FD-4264-97B3-5C9447D20571}.Debug|Any CPU.Build.0 = Debug|Any CPU
		{B2DAC958-29FD-4264-97B3-5C9447D20571}.Release|Any CPU.ActiveCfg = Release|Any CPU
		{B2DAC958-29FD-4264-97B3-5C9447D20571}.Release|Any CPU.Build.0 = Release|Any CPU
	EndGlobalSection
	GlobalSection(SolutionProperties) = preSolution
		HideSolutionNode = FALSE
	EndGlobalSection
	GlobalSection(ExtensibilityGlobals) = postSolution
		SolutionGuid = {606DD2B2-C3FA-4933-9978-E7FE08C6EFAB}
	EndGlobalSection
EndGlobal
